
Microsoft Visual Studio Solution File, Format Version 12.00
# Visual Studio Version 17
VisualStudioVersion = 17.6.33723.286
MinimumVisualStudioVersion = 10.0.40219.1
Project("{9A19103F-16F7-4668-BE54-9A1E7A4F7556}") = "AzureDevOpsPolicyConfigurator", "AzureDevOpsPolicyConfigurator\AzureDevOpsPolicyConfigurator.csproj", "{EF7FCFDB-8D2A-4B85-B9AE-7C1742FE13BF}"
EndProject
Project("{9A19103F-16F7-4668-BE54-9A1E7A4F7556}") = "AzureDevOpsPolicyConfigurator.Tests", "AzureDevOpsPolicyConfigurator.Tests\AzureDevOpsPolicyConfigurator.Tests.csproj", "{AC0CAA5F-CCCF-4EDB-B82E-44B438F58D18}"
EndProject
Global
	GlobalSection(SolutionConfigurationPlatforms) = preSolution
		Debug|Any CPU = Debug|Any CPU
		Release|Any CPU = Release|Any CPU
	EndGlobalSection
	GlobalSection(ProjectConfigurationPlatforms) = postSolution
		{EF7FCFDB-8D2A-4B85-B9AE-7C1742FE13BF}.Debug|Any CPU.ActiveCfg = Debug|Any CPU
		{EF7FCFDB-8D2A-4B85-B9AE-7C1742FE13BF}.Debug|Any CPU.Build.0 = Debug|Any CPU
		{EF7FCFDB-8D2A-4B85-B9AE-7C1742FE13BF}.Release|Any CPU.ActiveCfg = Release|Any CPU
		{EF7FCFDB-8D2A-4B85-B9AE-7C1742FE13BF}.Release|Any CPU.Build.0 = Release|Any CPU
		{AC0CAA5F-CCCF-4EDB-B82E-44B438F58D18}.Debug|Any CPU.ActiveCfg = Debug|Any CPU
		{AC0CAA5F-CCCF-4EDB-B82E-44B438F58D18}.Debug|Any CPU.Build.0 = Debug|Any CPU
		{AC0CAA5F-CCCF-4EDB-B82E-44B438F58D18}.Release|Any CPU.ActiveCfg = Release|Any CPU
		{AC0CAA5F-CCCF-4EDB-B82E-44B438F58D18}.Release|Any CPU.Build.0 = Release|Any CPU
	EndGlobalSection
	GlobalSection(SolutionProperties) = preSolution
		HideSolutionNode = FALSE
	EndGlobalSection
	GlobalSection(ExtensibilityGlobals) = postSolution
		SolutionGuid = {48551364-0757-4B0E-8661-3EF8B502853F}
	EndGlobalSection
EndGlobal
